
Microsoft Visual Studio Solution File, Format Version 12.00
# Visual Studio Version 17
VisualStudioVersion = 17.1.32319.34
MinimumVisualStudioVersion = 10.0.40219.1
Project("{FAE04EC0-301F-11D3-BF4B-00C04F79EFBC}") = "graduation.Android", "graduation\graduation.Android\graduation.Android.csproj", "{F5B049C2-5C5C-453D-B7C0-37DE6DA85EFB}"
EndProject
Project("{FAE04EC0-301F-11D3-BF4B-00C04F79EFBC}") = "graduation", "graduation\graduation\graduation.csproj", "{65BFEAD9-1B0D-496D-A0E9-FD90BD88D8C6}"
EndProject
Global
	GlobalSection(SolutionConfigurationPlatforms) = preSolution
		Debug|Any CPU = Debug|Any CPU
		Release|Any CPU = Release|Any CPU
	EndGlobalSection
	GlobalSection(ProjectConfigurationPlatforms) = postSolution
		{F5B049C2-5C5C-453D-B7C0-37DE6DA85EFB}.Debug|Any CPU.ActiveCfg = Debug|Any CPU
		{F5B049C2-5C5C-453D-B7C0-37DE6DA85EFB}.Debug|Any CPU.Build.0 = Debug|Any CPU
		{F5B049C2-5C5C-453D-B7C0-37DE6DA85EFB}.Debug|Any CPU.Deploy.0 = Debug|Any CPU
		{F5B049C2-5C5C-453D-B7C0-37DE6DA85EFB}.Release|Any CPU.ActiveCfg = Release|Any CPU
		{F5B049C2-5C5C-453D-B7C0-37DE6DA85EFB}.Release|Any CPU.Build.0 = Release|Any CPU
		{F5B049C2-5C5C-453D-B7C0-37DE6DA85EFB}.Release|Any CPU.Deploy.0 = Release|Any CPU
		{65BFEAD9-1B0D-496D-A0E9-FD90BD88D8C6}.Debug|Any CPU.ActiveCfg = Debug|Any CPU
		{65BFEAD9-1B0D-496D-A0E9-FD90BD88D8C6}.Debug|Any CPU.Build.0 = Debug|Any CPU
		{65BFEAD9-1B0D-496D-A0E9-FD90BD88D8C6}.Debug|Any CPU.Deploy.0 = Debug|Any CPU
		{65BFEAD9-1B0D-496D-A0E9-FD90BD88D8C6}.Release|Any CPU.ActiveCfg = Release|Any CPU
		{65BFEAD9-1B0D-496D-A0E9-FD90BD88D8C6}.Release|Any CPU.Build.0 = Release|Any CPU
		{65BFEAD9-1B0D-496D-A0E9-FD90BD88D8C6}.Release|Any CPU.Deploy.0 = Release|Any CPU
	EndGlobalSection
	GlobalSection(SolutionProperties) = preSolution
		HideSolutionNode = FALSE
	EndGlobalSection
	GlobalSection(ExtensibilityGlobals) = postSolution
		SolutionGuid = {C6C7A15C-B06F-4EDF-9C23-F96CFF30A909}
	EndGlobalSection
EndGlobal
